// !$*UTF8*$!
{
	archiveVersion = 1;
	classes = {
	};
	objectVersion = 46;
	objects = {

/* Begin PBXBuildFile section */
		55709B151A1954F7001B6B2C /* main.m in Sources */ = {isa = PBXBuildFile; fileRef = 55709B141A1954F7001B6B2C /* main.m */; };
		55709B181A1954F7001B6B2C /* AppDelegate.m in Sources */ = {isa = PBXBuildFile; fileRef = 55709B171A1954F7001B6B2C /* AppDelegate.m */; };
		55709B1B1A1954F7001B6B2C /* ViewController.m in Sources */ = {isa = PBXBuildFile; fileRef = 55709B1A1A1954F7001B6B2C /* ViewController.m */; };
		55709B1E1A1954F7001B6B2C /* Main.storyboard in Resources */ = {isa = PBXBuildFile; fileRef = 55709B1C1A1954F7001B6B2C /* Main.storyboard */; };
		55709B201A1954F7001B6B2C /* Images.xcassets in Resources */ = {isa = PBXBuildFile; fileRef = 55709B1F1A1954F7001B6B2C /* Images.xcassets */; };
		55709B231A1954F7001B6B2C /* LaunchScreen.xib in Resources */ = {isa = PBXBuildFile; fileRef = 55709B211A1954F7001B6B2C /* LaunchScreen.xib */; };
		55709B2F1A1954F7001B6B2C /* MacGoTests.m in Sources */ = {isa = PBXBuildFile; fileRef = 55709B2E1A1954F7001B6B2C /* MacGoTests.m */; };
		A40715625E5AC246F873C92B /* libPods.a in Frameworks */ = {isa = PBXBuildFile; fileRef = 227E95E607FA23104C020602 /* libPods.a */; };
/* End PBXBuildFile section */

/* Begin PBXContainerItemProxy section */
		55709B291A1954F7001B6B2C /* PBXContainerItemProxy */ = {
			isa = PBXContainerItemProxy;
			containerPortal = 55709B071A1954F7001B6B2C /* Project object */;
			proxyType = 1;
			remoteGlobalIDString = 55709B0E1A1954F7001B6B2C;
			remoteInfo = MacGo;
		};
/* End PBXContainerItemProxy section */

/* Begin PBXFileReference section */
		227E95E607FA23104C020602 /* libPods.a */ = {isa = PBXFileReference; explicitFileType = archive.ar; includeInIndex = 0; path = libPods.a; sourceTree = BUILT_PRODUCTS_DIR; };
		55709B0F1A1954F7001B6B2C /* MacGo.app */ = {isa = PBXFileReference; explicitFileType = wrapper.application; includeInIndex = 0; path = MacGo.app; sourceTree = BUILT_PRODUCTS_DIR; };
		55709B131A1954F7001B6B2C /* Info.plist */ = {isa = PBXFileReference; lastKnownFileType = text.plist.xml; path = Info.plist; sourceTree = "<group>"; };
		55709B141A1954F7001B6B2C /* main.m */ = {isa = PBXFileReference; lastKnownFileType = sourcecode.c.objc; path = main.m; sourceTree = "<group>"; };
		55709B161A1954F7001B6B2C /* AppDelegate.h */ = {isa = PBXFileReference; lastKnownFileType = sourcecode.c.h; path = AppDelegate.h; sourceTree = "<group>"; };
		55709B171A1954F7001B6B2C /* AppDelegate.m */ = {isa = PBXFileReference; lastKnownFileType = sourcecode.c.objc; path = AppDelegate.m; sourceTree = "<group>"; };
		55709B191A1954F7001B6B2C /* ViewController.h */ = {isa = PBXFileReference; lastKnownFileType = sourcecode.c.h; path = ViewController.h; sourceTree = "<group>"; };
		55709B1A1A1954F7001B6B2C /* ViewController.m */ = {isa = PBXFileReference; lastKnownFileType = sourcecode.c.objc; path = ViewController.m; sourceTree = "<group>"; };
		55709B1D1A1954F7001B6B2C /* Base */ = {isa = PBXFileReference; lastKnownFileType = file.storyboard; name = Base; path = Base.lproj/Main.storyboard; sourceTree = "<group>"; };
		55709B1F1A1954F7001B6B2C /* Images.xcassets */ = {isa = PBXFileReference; lastKnownFileType = folder.assetcatalog; path = Images.xcassets; sourceTree = "<group>"; };
		55709B221A1954F7001B6B2C /* Base */ = {isa = PBXFileReference; lastKnownFileType = file.xib; name = Base; path = Base.lproj/LaunchScreen.xib; sourceTree = "<group>"; };
		55709B281A1954F7001B6B2C /* MacGoTests.xctest */ = {isa = PBXFileReference; explicitFileType = wrapper.cfbundle; includeInIndex = 0; path = MacGoTests.xctest; sourceTree = BUILT_PRODUCTS_DIR; };
		55709B2D1A1954F7001B6B2C /* Info.plist */ = {isa = PBXFileReference; lastKnownFileType = text.plist.xml; path = Info.plist; sourceTree = "<group>"; };
		55709B2E1A1954F7001B6B2C /* MacGoTests.m */ = {isa = PBXFileReference; lastKnownFileType = sourcecode.c.objc; path = MacGoTests.m; sourceTree = "<group>"; };
		6373A3F1D1E29B2CE77E536D /* Pods.release.xcconfig */ = {isa = PBXFileReference; includeInIndex = 1; lastKnownFileType = text.xcconfig; name = Pods.release.xcconfig; path = "Pods/Target Support Files/Pods/Pods.release.xcconfig"; sourceTree = "<group>"; };
		B6E3404814E72C25FA48DABB /* Pods.debug.xcconfig */ = {isa = PBXFileReference; includeInIndex = 1; lastKnownFileType = text.xcconfig; name = Pods.debug.xcconfig; path = "Pods/Target Support Files/Pods/Pods.debug.xcconfig"; sourceTree = "<group>"; };
/* End PBXFileReference section */

/* Begin PBXFrameworksBuildPhase section */
		55709B0C1A1954F7001B6B2C /* Frameworks */ = {
			isa = PBXFrameworksBuildPhase;
			buildActionMask = 2147483647;
			files = (
				A40715625E5AC246F873C92B /* libPods.a in Frameworks */,
			);
			runOnlyForDeploymentPostprocessing = 0;
		};
		55709B251A1954F7001B6B2C /* Frameworks */ = {
			isa = PBXFrameworksBuildPhase;
			buildActionMask = 2147483647;
			files = (
			);
			runOnlyForDeploymentPostprocessing = 0;
		};
/* End PBXFrameworksBuildPhase section */

/* Begin PBXGroup section */
		3868CFBDD89603DA5F1DB632 /* Pods */ = {
			isa = PBXGroup;
			children = (
				B6E3404814E72C25FA48DABB /* Pods.debug.xcconfig */,
				6373A3F1D1E29B2CE77E536D /* Pods.release.xcconfig */,
			);
			name = Pods;
			sourceTree = "<group>";
		};
		55709B061A1954F7001B6B2C = {
			isa = PBXGroup;
			children = (
				55709B111A1954F7001B6B2C /* MacGo */,
				55709B2B1A1954F7001B6B2C /* MacGoTests */,
				55709B101A1954F7001B6B2C /* Products */,
				3868CFBDD89603DA5F1DB632 /* Pods */,
				D073594DD18B2B9D7065CFEB /* Frameworks */,
			);
			sourceTree = "<group>";
		};
		55709B101A1954F7001B6B2C /* Products */ = {
			isa = PBXGroup;
			children = (
				55709B0F1A1954F7001B6B2C /* MacGo.app */,
				55709B281A1954F7001B6B2C /* MacGoTests.xctest */,
			);
			name = Products;
			sourceTree = "<group>";
		};
		55709B111A1954F7001B6B2C /* MacGo */ = {
			isa = PBXGroup;
			children = (
				55709B161A1954F7001B6B2C /* AppDelegate.h */,
				55709B171A1954F7001B6B2C /* AppDelegate.m */,
				55709B191A1954F7001B6B2C /* ViewController.h */,
				55709B1A1A1954F7001B6B2C /* ViewController.m */,
				55709B1C1A1954F7001B6B2C /* Main.storyboard */,
				55709B1F1A1954F7001B6B2C /* Images.xcassets */,
				55709B211A1954F7001B6B2C /* LaunchScreen.xib */,
				55709B121A1954F7001B6B2C /* Supporting Files */,
			);
			path = MacGo;
			sourceTree = "<group>";
		};
		55709B121A1954F7001B6B2C /* Supporting Files */ = {
			isa = PBXGroup;
			children = (
				55709B131A1954F7001B6B2C /* Info.plist */,
				55709B141A1954F7001B6B2C /* main.m */,
			);
			name = "Supporting Files";
			sourceTree = "<group>";
		};
		55709B2B1A1954F7001B6B2C /* MacGoTests */ = {
			isa = PBXGroup;
			children = (
				55709B2E1A1954F7001B6B2C /* MacGoTests.m */,
				55709B2C1A1954F7001B6B2C /* Supporting Files */,
			);
			path = MacGoTests;
			sourceTree = "<group>";
		};
		55709B2C1A1954F7001B6B2C /* Supporting Files */ = {
			isa = PBXGroup;
			children = (
				55709B2D1A1954F7001B6B2C /* Info.plist */,
			);
			name = "Supporting Files";
			sourceTree = "<group>";
		};
		D073594DD18B2B9D7065CFEB /* Frameworks */ = {
			isa = PBXGroup;
			children = (
				227E95E607FA23104C020602 /* libPods.a */,
			);
			name = Frameworks;
			sourceTree = "<group>";
		};
/* End PBXGroup section */

/* Begin PBXNativeTarget section */
		55709B0E1A1954F7001B6B2C /* MacGo */ = {
			isa = PBXNativeTarget;
			buildConfigurationList = 55709B321A1954F7001B6B2C /* Build configuration list for PBXNativeTarget "MacGo" */;
			buildPhases = (
				B519FCBE70D6D45CA6E8931A /* Check Pods Manifest.lock */,
				55709B0B1A1954F7001B6B2C /* Sources */,
				55709B0C1A1954F7001B6B2C /* Frameworks */,
				55709B0D1A1954F7001B6B2C /* Resources */,
				AB8D936F6CE4810CA3D23920 /* Copy Pods Resources */,
			);
			buildRules = (
			);
			dependencies = (
			);
			name = MacGo;
			productName = MacGo;
			productReference = 55709B0F1A1954F7001B6B2C /* MacGo.app */;
			productType = "com.apple.product-type.application";
		};
		55709B271A1954F7001B6B2C /* MacGoTests */ = {
			isa = PBXNativeTarget;
			buildConfigurationList = 55709B351A1954F7001B6B2C /* Build configuration list for PBXNativeTarget "MacGoTests" */;
			buildPhases = (
				55709B241A1954F7001B6B2C /* Sources */,
				55709B251A1954F7001B6B2C /* Frameworks */,
				55709B261A1954F7001B6B2C /* Resources */,
			);
			buildRules = (
			);
			dependencies = (
				55709B2A1A1954F7001B6B2C /* PBXTargetDependency */,
			);
			name = MacGoTests;
			productName = MacGoTests;
			productReference = 55709B281A1954F7001B6B2C /* MacGoTests.xctest */;
			productType = "com.apple.product-type.bundle.unit-test";
		};
/* End PBXNativeTarget section */

/* Begin PBXProject section */
		55709B071A1954F7001B6B2C /* Project object */ = {
			isa = PBXProject;
			attributes = {
				LastUpgradeCheck = 0610;
				ORGANIZATIONNAME = "David Elsonbaty";
				TargetAttributes = {
					55709B0E1A1954F7001B6B2C = {
						CreatedOnToolsVersion = 6.1;
					};
					55709B271A1954F7001B6B2C = {
						CreatedOnToolsVersion = 6.1;
						TestTargetID = 55709B0E1A1954F7001B6B2C;
					};
				};
			};
			buildConfigurationList = 55709B0A1A1954F7001B6B2C /* Build configuration list for PBXProject "MacGo" */;
			compatibilityVersion = "Xcode 3.2";
			developmentRegion = English;
			hasScannedForEncodings = 0;
			knownRegions = (
				en,
				Base,
			);
			mainGroup = 55709B061A1954F7001B6B2C;
			productRefGroup = 55709B101A1954F7001B6B2C /* Products */;
			projectDirPath = "";
			projectRoot = "";
			targets = (
				55709B0E1A1954F7001B6B2C /* MacGo */,
				55709B271A1954F7001B6B2C /* MacGoTests */,
			);
		};
/* End PBXProject section */

/* Begin PBXResourcesBuildPhase section */
		55709B0D1A1954F7001B6B2C /* Resources */ = {
			isa = PBXResourcesBuildPhase;
			buildActionMask = 2147483647;
			files = (
				55709B1E1A1954F7001B6B2C /* Main.storyboard in Resources */,
				55709B231A1954F7001B6B2C /* LaunchScreen.xib in Resources */,
				55709B201A1954F7001B6B2C /* Images.xcassets in Resources */,
			);
			runOnlyForDeploymentPostprocessing = 0;
		};
		55709B261A1954F7001B6B2C /* Resources */ = {
			isa = PBXResourcesBuildPhase;
			buildActionMask = 2147483647;
			files = (
			);
			runOnlyForDeploymentPostprocessing = 0;
		};
/* End PBXResourcesBuildPhase section */

/* Begin PBXShellScriptBuildPhase section */
		AB8D936F6CE4810CA3D23920 /* Copy Pods Resources */ = {
			isa = PBXShellScriptBuildPhase;
			buildActionMask = 2147483647;
			files = (
			);
			inputPaths = (
			);
			name = "Copy Pods Resources";
			outputPaths = (
			);
			runOnlyForDeploymentPostprocessing = 0;
			shellPath = /bin/sh;
			shellScript = "\"${SRCROOT}/Pods/Target Support Files/Pods/Pods-resources.sh\"\n";
			showEnvVarsInLog = 0;
		};
		B519FCBE70D6D45CA6E8931A /* Check Pods Manifest.lock */ = {
			isa = PBXShellScriptBuildPhase;
			buildActionMask = 2147483647;
			files = (
			);
			inputPaths = (
			);
			name = "Check Pods Manifest.lock";
			outputPaths = (
			);
			runOnlyForDeploymentPostprocessing = 0;
			shellPath = /bin/sh;
			shellScript = "diff \"${PODS_ROOT}/../Podfile.lock\" \"${PODS_ROOT}/Manifest.lock\" > /dev/null\nif [[ $? != 0 ]] ; then\n    cat << EOM\nerror: The sandbox is not in sync with the Podfile.lock. Run 'pod install' or update your CocoaPods installation.\nEOM\n    exit 1\nfi\n";
			showEnvVarsInLog = 0;
		};
/* End PBXShellScriptBuildPhase section */

/* Begin PBXSourcesBuildPhase section */
		55709B0B1A1954F7001B6B2C /* Sources */ = {
			isa = PBXSourcesBuildPhase;
			buildActionMask = 2147483647;
			files = (
				55709B1B1A1954F7001B6B2C /* ViewController.m in Sources */,
				55709B181A1954F7001B6B2C /* AppDelegate.m in Sources */,
				55709B151A1954F7001B6B2C /* main.m in Sources */,
			);
			runOnlyForDeploymentPostprocessing = 0;
		};
		55709B241A1954F7001B6B2C /* Sources */ = {
			isa = PBXSourcesBuildPhase;
			buildActionMask = 2147483647;
			files = (
				55709B2F1A1954F7001B6B2C /* MacGoTests.m in Sources */,
			);
			runOnlyForDeploymentPostprocessing = 0;
		};
/* End PBXSourcesBuildPhase section */

/* Begin PBXTargetDependency section */
		55709B2A1A1954F7001B6B2C /* PBXTargetDependency */ = {
			isa = PBXTargetDependency;
			target = 55709B0E1A1954F7001B6B2C /* MacGo */;
			targetProxy = 55709B291A1954F7001B6B2C /* PBXContainerItemProxy */;
		};
/* End PBXTargetDependency section */

/* Begin PBXVariantGroup section */
		55709B1C1A1954F7001B6B2C /* Main.storyboard */ = {
			isa = PBXVariantGroup;
			children = (
				55709B1D1A1954F7001B6B2C /* Base */,
			);
			name = Main.storyboard;
			sourceTree = "<group>";
		};
		55709B211A1954F7001B6B2C /* LaunchScreen.xib */ = {
			isa = PBXVariantGroup;
			children = (
				55709B221A1954F7001B6B2C /* Base */,
			);
			name = LaunchScreen.xib;
			sourceTree = "<group>";
		};
/* End PBXVariantGroup section */

/* Begin XCBuildConfiguration section */
		55709B301A1954F7001B6B2C /* Debug */ = {
			isa = XCBuildConfiguration;
			buildSettings = {
				ALWAYS_SEARCH_USER_PATHS = NO;
				CLANG_CXX_LANGUAGE_STANDARD = "gnu++0x";
				CLANG_CXX_LIBRARY = "libc++";
				CLANG_ENABLE_MODULES = YES;
				CLANG_ENABLE_OBJC_ARC = YES;
				CLANG_WARN_BOOL_CONVERSION = YES;
				CLANG_WARN_CONSTANT_CONVERSION = YES;
				CLANG_WARN_DIRECT_OBJC_ISA_USAGE = YES_ERROR;
				CLANG_WARN_EMPTY_BODY = YES;
				CLANG_WARN_ENUM_CONVERSION = YES;
				CLANG_WARN_INT_CONVERSION = YES;
				CLANG_WARN_OBJC_ROOT_CLASS = YES_ERROR;
				CLANG_WARN_UNREACHABLE_CODE = YES;
				CLANG_WARN__DUPLICATE_METHOD_MATCH = YES;
				"CODE_SIGN_IDENTITY[sdk=iphoneos*]" = "iPhone Developer";
				COPY_PHASE_STRIP = NO;
				ENABLE_STRICT_OBJC_MSGSEND = YES;
				GCC_C_LANGUAGE_STANDARD = gnu99;
				GCC_DYNAMIC_NO_PIC = NO;
				GCC_OPTIMIZATION_LEVEL = 0;
				GCC_PREPROCESSOR_DEFINITIONS = (
					"DEBUG=1",
					"$(inherited)",
				);
				GCC_SYMBOLS_PRIVATE_EXTERN = NO;
				GCC_WARN_64_TO_32_BIT_CONVERSION = YES;
				GCC_WARN_ABOUT_RETURN_TYPE = YES_ERROR;
				GCC_WARN_UNDECLARED_SELECTOR = YES;
				GCC_WARN_UNINITIALIZED_AUTOS = YES_AGGRESSIVE;
				GCC_WARN_UNUSED_FUNCTION = YES;
				GCC_WARN_UNUSED_VARIABLE = YES;
				IPHONEOS_DEPLOYMENT_TARGET = 8.1;
				MTL_ENABLE_DEBUG_INFO = YES;
				ONLY_ACTIVE_ARCH = YES;
				SDKROOT = iphoneos;
			};
			name = Debug;
		};
		55709B311A1954F7001B6B2C /* Release */ = {
			isa = XCBuildConfiguration;
			buildSettings = {
				ALWAYS_SEARCH_USER_PATHS = NO;
				CLANG_CXX_LANGUAGE_STANDARD = "gnu++0x";
				CLANG_CXX_LIBRARY = "libc++";
				CLANG_ENABLE_MODULES = YES;
				CLANG_ENABLE_OBJC_ARC = YES;
				CLANG_WARN_BOOL_CONVERSION = YES;
				CLANG_WARN_CONSTANT_CONVERSION = YES;
				CLANG_WARN_DIRECT_OBJC_ISA_USAGE = YES_ERROR;
				CLANG_WARN_EMPTY_BODY = YES;
				CLANG_WARN_ENUM_CONVERSION = YES;
				CLANG_WARN_INT_CONVERSION = YES;
				CLANG_WARN_OBJC_ROOT_CLASS = YES_ERROR;
				CLANG_WARN_UNREACHABLE_CODE = YES;
				CLANG_WARN__DUPLICATE_METHOD_MATCH = YES;
				"CODE_SIGN_IDENTITY[sdk=iphoneos*]" = "iPhone Developer";
				COPY_PHASE_STRIP = YES;
				ENABLE_NS_ASSERTIONS = NO;
				ENABLE_STRICT_OBJC_MSGSEND = YES;
				GCC_C_LANGUAGE_STANDARD = gnu99;
				GCC_WARN_64_TO_32_BIT_CONVERSION = YES;
				GCC_WARN_ABOUT_RETURN_TYPE = YES_ERROR;
				GCC_WARN_UNDECLARED_SELECTOR = YES;
				GCC_WARN_UNINITIALIZED_AUTOS = YES_AGGRESSIVE;
				GCC_WARN_UNUSED_FUNCTION = YES;
				GCC_WARN_UNUSED_VARIABLE = YES;
				IPHONEOS_DEPLOYMENT_TARGET = 8.1;
				MTL_ENABLE_DEBUG_INFO = NO;
				SDKROOT = iphoneos;
				VALIDATE_PRODUCT = YES;
			};
			name = Release;
		};
		55709B331A1954F7001B6B2C /* Debug */ = {
			isa = XCBuildConfiguration;
			baseConfigurationReference = B6E3404814E72C25FA48DABB /* Pods.debug.xcconfig */;
			buildSettings = {
				ASSETCATALOG_COMPILER_APPICON_NAME = AppIcon;
				INFOPLIST_FILE = MacGo/Info.plist;
				LD_RUNPATH_SEARCH_PATHS = "$(inherited) @executable_path/Frameworks";
				PRODUCT_NAME = "$(TARGET_NAME)";
				TARGETED_DEVICE_FAMILY = "1,2";
			};
			name = Debug;
		};
		55709B341A1954F7001B6B2C /* Release */ = {
			isa = XCBuildConfiguration;
			baseConfigurationReference = 6373A3F1D1E29B2CE77E536D /* Pods.release.xcconfig */;
			buildSettings = {
				ASSETCATALOG_COMPILER_APPICON_NAME = AppIcon;
				INFOPLIST_FILE = MacGo/Info.plist;
				LD_RUNPATH_SEARCH_PATHS = "$(inherited) @executable_path/Frameworks";
				PRODUCT_NAME = "$(TARGET_NAME)";
				TARGETED_DEVICE_FAMILY = "1,2";
			};
			name = Release;
		};
		55709B361A1954F7001B6B2C /* Debug */ = {
			isa = XCBuildConfiguration;
			buildSettings = {
				BUNDLE_LOADER = "$(TEST_HOST)";
				FRAMEWORK_SEARCH_PATHS = (
					"$(SDKROOT)/Developer/Library/Frameworks",
					"$(inherited)",
				);
				GCC_PREPROCESSOR_DEFINITIONS = (
					"DEBUG=1",
					"$(inherited)",
				);
				INFOPLIST_FILE = MacGoTests/Info.plist;
				LD_RUNPATH_SEARCH_PATHS = "$(inherited) @executable_path/Frameworks @loader_path/Frameworks";
				PRODUCT_NAME = "$(TARGET_NAME)";
				TEST_HOST = "$(BUILT_PRODUCTS_DIR)/MacGo.app/MacGo";
			};
			name = Debug;
		};
		55709B371A1954F7001B6B2C /* Release */ = {
			isa = XCBuildConfiguration;
			buildSettings = {
				BUNDLE_LOADER = "$(TEST_HOST)";
				FRAMEWORK_SEARCH_PATHS = (
					"$(SDKROOT)/Developer/Library/Frameworks",
					"$(inherited)",
				);
				INFOPLIST_FILE = MacGoTests/Info.plist;
				LD_RUNPATH_SEARCH_PATHS = "$(inherited) @executable_path/Frameworks @loader_path/Frameworks";
				PRODUCT_NAME = "$(TARGET_NAME)";
				TEST_HOST = "$(BUILT_PRODUCTS_DIR)/MacGo.app/MacGo";
			};
			name = Release;
		};
/* End XCBuildConfiguration section */

/* Begin XCConfigurationList section */
		55709B0A1A1954F7001B6B2C /* Build configuration list for PBXProject "MacGo" */ = {
			isa = XCConfigurationList;
			buildConfigurations = (
				55709B301A1954F7001B6B2C /* Debug */,
				55709B311A1954F7001B6B2C /* Release */,
			);
			defaultConfigurationIsVisible = 0;
			defaultConfigurationName = Release;
		};
		55709B321A1954F7001B6B2C /* Build configuration list for PBXNativeTarget "MacGo" */ = {
			isa = XCConfigurationList;
			buildConfigurations = (
				55709B331A1954F7001B6B2C /* Debug */,
				55709B341A1954F7001B6B2C /* Release */,
			);
			defaultConfigurationIsVisible = 0;
			defaultConfigurationName = Release;
		};
		55709B351A1954F7001B6B2C /* Build configuration list for PBXNativeTarget "MacGoTests" */ = {
			isa = XCConfigurationList;
			buildConfigurations = (
				55709B361A1954F7001B6B2C /* Debug */,
				55709B371A1954F7001B6B2C /* Release */,
			);
			defaultConfigurationIsVisible = 0;
			defaultConfigurationName = Release;
		};
/* End XCConfigurationList section */
	};
	rootObject = 55709B071A1954F7001B6B2C /* Project object */;
}
